{
  "version": 1,
  "dependencies": {
    "net10.0-windows7.0": {
      "Microsoft.AspNetCore.TestHost": {
        "type": "Direct",
        "requested": "[10.0.4, )",
        "resolved": "10.0.4",
        "contentHash": "+kBqWRfgforSlqlW+s8VotYy1OxdCbg20ZUVHcxjRcMHEtoMq7IJMbtc7jtacgWSMy+Ct154SLOYHCp7Azpp+w=="
      },
      "Microsoft.NET.Test.Sdk": {
        "type": "Direct",
        "requested": "[18.3.0, )",
        "resolved": "18.3.0",
        "contentHash": "xW3kXuWRQtgoxJp4J+gdhHSQyK+6Wb/AZDSd7lMvuMRYlZ1tnpkojyfZlWilB5G4dmZ0Y0ZxU/M23TlubndNkw==",
        "dependencies": {
          "Microsoft.CodeCoverage": "18.3.0",
          "Microsoft.TestPlatform.TestHost": "18.3.0"
        }
      },
      "xunit.runner.visualstudio": {
        "type": "Direct",
        "requested": "[3.1.5, )",
        "resolved": "3.1.5",
        "contentHash": "tKi7dSTwP4m5m9eXPM2Ime4Kn7xNf4x4zT9sdLO/G4hZVnQCRiMTWoSZqI/pYTVeI27oPPqHBKYI/DjJ9GsYgA=="
      },
      "xunit.v3": {
        "type": "Direct",
        "requested": "[3.2.2, )",
        "resolved": "3.2.2",
        "contentHash": "L+4/4y0Uqcg8/d6hfnxhnwh4j9FaeULvefTwrk30rr1o4n/vdPfyUQ8k0yzH8VJx7bmFEkDdcRfbtbjEHlaYcA==",
        "dependencies": {
          "xunit.v3.mtp-v1": "[3.2.2]"
        }
      },
      "Google.Protobuf": {
        "type": "Transitive",
        "resolved": "3.29.3",
        "contentHash": "t7nZFFUFwigCwZ+nIXHDLweXvwIpsOXi+P7J7smPT/QjI3EKxnCzTQOhBqyEh6XEzc/pNH+bCFOOSjatrPt6Tw=="
      },
      "Grpc.Core.Api": {
        "type": "Transitive",
        "resolved": "2.67.0",
        "contentHash": "cL1/2f8kc8lsAGNdfCU25deedXVehhLA6GXKLLN4hAWx16XN7BmjYn3gFU+FBpir5yJynvDTHEypr3Tl0j7x/Q=="
      },
      "GrpcDotNetNamedPipes": {
        "type": "Transitive",
        "resolved": "3.1.0",
        "contentHash": "IEbpody7yYtL+oTNGRJspbK+Xne2fWzhiAOmJxJ8zoS3knFv0jDxv0WgJxO2cOCpoItn1cv4X4dloxSbFPB3eA==",
        "dependencies": {
          "Google.Protobuf": "3.29.3",
          "Grpc.Core.Api": "2.67.0"
        }
      },
      "Makaretu.Dns": {
        "type": "Transitive",
        "resolved": "2.0.1",
        "contentHash": "qe/5w5Q/i2Xz2ZnCq3E49kLAtVFRuuBn40C1mQPWbLDwlHM0KVDzCkFqwxDedv7JgQis66Z9AZKyo1zCTRrdYA==",
        "dependencies": {
          "SimpleBase": "1.3.1"
        }
      },
      "Microsoft.ApplicationInsights": {
        "type": "Transitive",
        "resolved": "2.23.0",
        "contentHash": "nWArUZTdU7iqZLycLKWe0TDms48KKGE6pONH2terYNa8REXiqixrMOkf1sk5DHGMaUTqONU2YkS4SAXBhLStgw=="
      },
      "Microsoft.Bcl.AsyncInterfaces": {
        "type": "Transitive",
        "resolved": "10.0.10",
        "contentHash": "TFI6OKYE1XZz4SGuTSH70c6SBdPpFktXsoa1gCxTr3mKrhmXirnvaS0tKz+J3ZWICEAmMpEGn59nO4ICtUpQXA=="
      },
      "Microsoft.CodeCoverage": {
        "type": "Transitive",
        "resolved": "18.3.0",
        "contentHash": "23BNy/vziREC20Wwhb50K7+kZe0m07KlLWDQv4qjJ9tt3QjpDpDIqJFrhYHmMEo9xDkuSp55U/8h4bMF7MiB+g=="
      },
      "Microsoft.Extensions.DependencyModel": {
        "type": "Transitive",
        "resolved": "10.0.0",
        "contentHash": "RFYJR7APio/BiqdQunRq6DB+nDB6nc2qhHr77mlvZ0q0BT8PubMXN7XicmfzCbrDE/dzhBnUKBRXLTcqUiZDGg=="
      },
      "Microsoft.Testing.Extensions.Telemetry": {
        "type": "Transitive",
        "resolved": "1.9.1",
        "contentHash": "No5AudZMmSb+uNXjlgL2y3/stHD2IT4uxqc5yHwkE+/nNux9jbKcaJMvcp9SwgP4DVD8L9/P3OUz8mmmcvEIdQ==",
        "dependencies": {
          "Microsoft.ApplicationInsights": "2.23.0",
          "Microsoft.Testing.Platform": "1.9.1"
        }
      },
      "Microsoft.Testing.Extensions.TrxReport.Abstractions": {
        "type": "Transitive",
        "resolved": "1.9.1",
        "contentHash": "AL46Xe1WBi85Ntd4mNPvat5ZSsZ2uejiVqoKCypr8J3wK0elA5xJ3AN4G/Q4GIwzUFnggZoH/DBjnr9J18IO/g==",
        "dependencies": {
          "Microsoft.Testing.Platform": "1.9.1"
        }
      },
      "Microsoft.Testing.Platform": {
        "type": "Transitive",
        "resolved": "1.9.1",
        "contentHash": "QafNtNSmEI0zazdebnsIkDKmFtTSpmx/5PLOjURWwozcPb3tvRxzosQSL8xwYNM1iPhhKiBksXZyRSE2COisrA=="
      },
      "Microsoft.Testing.Platform.MSBuild": {
        "type": "Transitive",
        "resolved": "1.9.1",
        "contentHash": "oTUtyR4X/s9ytuiNA29FGsNCCH0rNmY5Wdm14NCKLjTM1cT9edVSlA+rGS/mVmusPqcP0l/x9qOnMXg16v87RQ==",
        "dependencies": {
          "Microsoft.Testing.Platform": "1.9.1"
        }
      },
      "Microsoft.TestPlatform.ObjectModel": {
        "type": "Transitive",
        "resolved": "18.3.0",
        "contentHash": "AEIEX2aWdPO9XbtR96eBaJxmXRD9vaI9uQ1T/JbPEKlTAZwYx0ZrMzKyULMdh/HH9Sg03kXCoN7LszQ90o6nPQ=="
      },
      "Microsoft.TestPlatform.TestHost": {
        "type": "Transitive",
        "resolved": "18.3.0",
        "contentHash": "twmsoelXnp1uWMU3VGip9f0Jr1mZ0PZqgJdF35CIrdYgYrkHIJMV1m8uKyhcdjLdsQDESHAgkR7KhS9i1qpJag==",
        "dependencies": {
          "Microsoft.TestPlatform.ObjectModel": "18.3.0",
          "Newtonsoft.Json": "13.0.3"
        }
      },
      "Microsoft.Win32.Registry": {
        "type": "Transitive",
        "resolved": "5.0.0",
        "contentHash": "dDoKi0PnDz31yAyETfRntsLArTlVAVzUzCIvvEDsDsucrl33Dl8pIJG06ePTJTI3tGpeyHS9Cq7Foc/s4EeKcg=="
      },
      "NAPS2.Escl": {
        "type": "Transitive",
        "resolved": "1.3.0",
        "contentHash": "0ZwygTjO3KP7m9MKv90MR7ox27XjfwlDh7jSyc/0H+loGMwfmphWH3si6s1/WltQGoFaxva9yhrtGsz54kKJEw==",
        "dependencies": {
          "NAPS2.Mdns": "1.0.1",
          "StandardSocketsHttpHandler": "2.2.0.10",
          "System.ValueTuple": "4.6.2"
        }
      },
      "NAPS2.Images": {
        "type": "Transitive",
        "resolved": "1.3.0",
        "contentHash": "BxCm76ZRK+4o4UUjRuy6WM2kiY/4yyS6MSecZTo+Ufm9prO/NUtNFWXFvtXCTlDC2SaX/XoazYMehRRc3/iLng==",
        "dependencies": {
          "Microsoft.Bcl.AsyncInterfaces": "10.0.10",
          "NAPS2.Internals": "1.3.0",
          "ZXing.Net": "0.16.11"
        }
      },
      "NAPS2.Images.Gdi": {
        "type": "Transitive",
        "resolved": "1.3.0",
        "contentHash": "WF3qaDz/fmabujaEUDQDAtPtAjZ+Cv/OtOnzc4Ruu8oyBg/KbfPEF+UbQl2BPcVuNxGDn7Qa9J4Z+RwXoxfrMw==",
        "dependencies": {
          "NAPS2.Images": "1.3.0"
        }
      },
      "NAPS2.Internals": {
        "type": "Transitive",
        "resolved": "1.3.0",
        "contentHash": "ZLCIkxCG2iqijfEkc2eQMTTOuRkKoH3FcKC9ugqOcFhDBOU5COAWOvnT2ir4TLVRHn+NjUX+9Ze+Pu8ak9Xd3w==",
        "dependencies": {
          "Microsoft.Bcl.AsyncInterfaces": "10.0.10",
          "System.ValueTuple": "4.6.2"
        }
      },
      "NAPS2.Mdns": {
        "type": "Transitive",
        "resolved": "1.0.1",
        "contentHash": "LQMEYKiSzvXtVVFgzBqBTRnoWa9lJRB7YEnD2m8/we9PfON6s+QGPSq7ZATVt1Cbuhr4FDRkJEjuLUeBkPK6Zw==",
        "dependencies": {
          "Makaretu.Dns": "2.0.1"
        }
      },
      "NAPS2.NTwain": {
        "type": "Transitive",
        "resolved": "1.0.1",
        "contentHash": "gTUekPpglFMgcCKQ6cOcXsnuOR/Y3hMp2dTo8jlrRRzBQ7ASregm262rkyDxD5KeZ7LxmjT5NXX1tg+JUUZg9A=="
      },
      "NAPS2.PdfSharp": {
        "type": "Transitive",
        "resolved": "1.0.1",
        "contentHash": "zCJLroOgEWthUWzBFbKoAKBr1jkQ7EIZs4p6mmhtGBhs1MthhWYnu1V6f7b88v2YkK+UH//3GYBpsWqAculv+A==",
        "dependencies": {
          "SharpZipLib": "1.3.3",
          "SixLabors.Fonts": "1.0.0-beta17"
        }
      },
      "NAPS2.Sdk": {
        "type": "Transitive",
        "resolved": "1.3.0",
        "contentHash": "YLp6jAcF2p5OMP5hd1qWZcfyIs2c0awbcOj97jW5Z3t0RQK8cDh8kZ1GgxE4YaeHyMW7DHE7n1TwMTwcWm1Gcw==",
        "dependencies": {
          "GrpcDotNetNamedPipes": "3.1.0",
          "NAPS2.Escl": "1.3.0",
          "NAPS2.Images": "1.3.0",
          "NAPS2.Internals": "1.3.0",
          "NAPS2.NTwain": "1.0.1",
          "NAPS2.PdfSharp": "1.0.1",
          "NAPS2.Wia": "2.0.3",
          "SharpZipLib": "1.4.2",
          "SixLabors.Fonts": "1.0.1",
          "ZXing.Net": "0.16.11"
        }
      },
      "NAPS2.Sdk.Worker.Win32": {
        "type": "Transitive",
        "resolved": "1.3.0",
        "contentHash": "o5CA9a4Wk0De72exG4K0kYRw9wHxk/+HcFm7Ndd2jzG9ODKzQEyoUWm/2SGRpxdoZtWtfRCpVtoT4QzlLgYGPw=="
      },
      "NAPS2.Wia": {
        "type": "Transitive",
        "resolved": "2.0.3",
        "contentHash": "Za/pkCCVuUxD3Q00pTsFd3FRAi1HTBlM8uzDXaPpULMZ6MoqYaJKcE5fJmOz+fqNfQaMxv9dQeJ1GZ9uVtBM8g=="
      },
      "Newtonsoft.Json": {
        "type": "Transitive",
        "resolved": "13.0.3",
        "contentHash": "HrC5BXdl00IP9zeV+0Z848QWPAoCr9P3bDEZguI+gkLcBKAOxix/tLEAAHC+UvDNPv4a2d18lOReHMOagPa+zQ=="
      },
      "PDFsharp": {
        "type": "Transitive",
        "resolved": "6.2.2",
        "contentHash": "azgX2bTtQhhGyw2dfTph4rzqFR50BDD3KiPRedNg4cPwZMrVDeQ/D0lH2oIBbTbzWVmRIyTNJTeN9ux1XUdltg=="
      },
      "Serilog": {
        "type": "Transitive",
        "resolved": "4.3.0",
        "contentHash": "+cDryFR0GRhsGOnZSKwaDzRRl4MupvJ42FhCE4zhQRVanX0Jpg6WuCBk59OVhVDPmab1bB+nRykAnykYELA9qQ=="
      },
      "Serilog.AspNetCore": {
        "type": "Transitive",
        "resolved": "10.0.0",
        "contentHash": "a/cNa1mY4On1oJlfGG1wAvxjp5g7OEzk/Jf/nm7NF9cWoE7KlZw1GldrifUBWm9oKibHkR7Lg/l5jy3y7ACR8w==",
        "dependencies": {
          "Serilog": "4.3.0",
          "Serilog.Extensions.Hosting": "10.0.0",
          "Serilog.Formatting.Compact": "3.0.0",
          "Serilog.Settings.Configuration": "10.0.0",
          "Serilog.Sinks.Console": "6.1.1",
          "Serilog.Sinks.Debug": "3.0.0",
          "Serilog.Sinks.File": "7.0.0"
        }
      },
      "Serilog.Extensions.Hosting": {
        "type": "Transitive",
        "resolved": "10.0.0",
        "contentHash": "E7juuIc+gzoGxgzFooFgAV8g9BfiSXNKsUok9NmEpyAXg2odkcPsMa/Yo4axkJRlh0se7mkYQ1GXDaBemR+b6w==",
        "dependencies": {
          "Serilog": "4.3.0",
          "Serilog.Extensions.Logging": "10.0.0"
        }
      },
      "Serilog.Extensions.Logging": {
        "type": "Transitive",
        "resolved": "10.0.0",
        "contentHash": "vx0kABKl2dWbBhhqAfTOk53/i8aV/5VaT3a6il9gn72Wqs2pM7EK2OB6No6xdqK2IaY6Zf9gdjLuK9BVa2rT+Q==",
        "dependencies": {
          "Serilog": "4.2.0"
        }
      },
      "Serilog.Formatting.Compact": {
        "type": "Transitive",
        "resolved": "3.0.0",
        "contentHash": "wQsv14w9cqlfB5FX2MZpNsTawckN4a8dryuNGbebB/3Nh1pXnROHZov3swtu3Nj5oNG7Ba+xdu7Et/ulAUPanQ==",
        "dependencies": {
          "Serilog": "4.0.0"
        }
      },
      "Serilog.Settings.Configuration": {
        "type": "Transitive",
        "resolved": "10.0.0",
        "contentHash": "LNq+ibS1sbhTqPV1FIE69/9AJJbfaOhnaqkzcjFy95o+4U+STsta9mi97f1smgXsWYKICDeGUf8xUGzd/52/uA==",
        "dependencies": {
          "Microsoft.Extensions.DependencyModel": "10.0.0",
          "Serilog": "4.3.0"
        }
      },
      "Serilog.Sinks.Console": {
        "type": "Transitive",
        "resolved": "6.1.1",
        "contentHash": "8jbqgjUyZlfCuSTaJk6lOca465OndqOz3KZP6Cryt/IqZYybyBu7GP0fE/AXBzrrQB3EBmQntBFAvMVz1COvAA==",
        "dependencies": {
          "Serilog": "4.0.0"
        }
      },
      "Serilog.Sinks.Debug": {
        "type": "Transitive",
        "resolved": "3.0.0",
        "contentHash": "4BzXcdrgRX7wde9PmHuYd9U6YqycCC28hhpKonK7hx0wb19eiuRj16fPcPSVp0o/Y1ipJuNLYQ00R3q2Zs8FDA==",
        "dependencies": {
          "Serilog": "4.0.0"
        }
      },
      "Serilog.Sinks.File": {
        "type": "Transitive",
        "resolved": "7.0.0",
        "contentHash": "fKL7mXv7qaiNBUC71ssvn/dU0k9t0o45+qm2XgKAlSt19xF+ijjxyA3R6HmCgfKEKwfcfkwWjayuQtRueZFkYw==",
        "dependencies": {
          "Serilog": "4.2.0"
        }
      },
      "SharpZipLib": {
        "type": "Transitive",
        "resolved": "1.4.2",
        "contentHash": "yjj+3zgz8zgXpiiC3ZdF/iyTBbz2fFvMxZFEBPUcwZjIvXOf37Ylm+K58hqMfIBt5JgU/Z2uoUS67JmTLe973A=="
      },
      "SimpleBase": {
        "type": "Transitive",
        "resolved": "1.3.1",
        "contentHash": "TqqQc+WFg3s10/PdnI2Dio0U7xEmVXhkf+ey4tOGZzjyd054rnNOLNVahJhMYmfBQdS7/jkVqC8xzLm/bkR3EA=="
      },
      "SixLabors.Fonts": {
        "type": "Transitive",
        "resolved": "1.0.1",
        "contentHash": "ljezRHWc7N0azdQViib7Aa5v+DagRVkKI2/93kEbtjVczLs+yTkSq6gtGmvOcx4IqyNbO3GjLt7SAQTpLkySNw=="
      },
      "StandardSocketsHttpHandler": {
        "type": "Transitive",
        "resolved": "2.2.0.10",
        "contentHash": "tlnMfWuT043rvyVQTGCm9049SZcDpe9oeLwLTVWRLw0s5ijjCdNYdxfOCMejtsUBFdWQ00boZSJHcNB2GZKBCw=="
      },
      "System.ValueTuple": {
        "type": "Transitive",
        "resolved": "4.6.2",
        "contentHash": "yQgmjfFximrNm9LIV3mL6T5MzjeC+epeE5rl4hXxAlYmxby7RM1dPSkIKXk9HNkl6G54h2JHOmLD46+Pey+IRg=="
      },
      "xunit.analyzers": {
        "type": "Transitive",
        "resolved": "1.27.0",
        "contentHash": "y/pxIQaLvk/kxAoDkZW9GnHLCEqzwl5TW0vtX3pweyQpjizB9y3DXhb9pkw2dGeUqhLjsxvvJM1k89JowU6z3g=="
      },
      "xunit.v3.assert": {
        "type": "Transitive",
        "resolved": "3.2.2",
        "contentHash": "BPciBghgEEaJN/JG00QfCYDfEfnLgQhfnYEy+j1izoeHVNYd5+3Wm8GJ6JgYysOhpBPYGE+sbf75JtrRc7jrdA=="
      },
      "xunit.v3.common": {
        "type": "Transitive",
        "resolved": "3.2.2",
        "contentHash": "Hj775PEH6GTbbg0wfKRvG2hNspDCvTH9irXhH4qIWgdrOSV1sQlqPie+DOvFeigsFg2fxSM3ZAaaCDQs+KreFA==",
        "dependencies": {
          "Microsoft.Bcl.AsyncInterfaces": "6.0.0"
        }
      },
      "xunit.v3.core.mtp-v1": {
        "type": "Transitive",
        "resolved": "3.2.2",
        "contentHash": "Ga5aA2Ca9ktz+5k3g5ukzwfexwoqwDUpV6z7atSEUvqtd6JuybU1XopHqg1oFd78QdTfZgZE9h5sHpO4qYIi5w==",
        "dependencies": {
          "Microsoft.Testing.Extensions.Telemetry": "1.9.1",
          "Microsoft.Testing.Extensions.TrxReport.Abstractions": "1.9.1",
          "Microsoft.Testing.Platform": "1.9.1",
          "Microsoft.Testing.Platform.MSBuild": "1.9.1",
          "xunit.v3.extensibility.core": "[3.2.2]",
          "xunit.v3.runner.inproc.console": "[3.2.2]"
        }
      },
      "xunit.v3.extensibility.core": {
        "type": "Transitive",
        "resolved": "3.2.2",
        "contentHash": "srY8z/oMPvh/t8axtO2DwrHajhFMH7tnqKildvYrVQIfICi8fOn3yIBWkVPAcrKmHMwvXRJ/XsQM3VMR6DOYfQ==",
        "dependencies": {
          "xunit.v3.common": "[3.2.2]"
        }
      },
      "xunit.v3.mtp-v1": {
        "type": "Transitive",
        "resolved": "3.2.2",
        "contentHash": "O41aAzYKBT5PWqATa1oEWVNCyEUypFQ4va6K0kz37dduV3EKzXNMaV2UnEhufzU4Cce1I33gg0oldS8tGL5I0A==",
        "dependencies": {
          "xunit.analyzers": "1.27.0",
          "xunit.v3.assert": "[3.2.2]",
          "xunit.v3.core.mtp-v1": "[3.2.2]"
        }
      },
      "xunit.v3.runner.common": {
        "type": "Transitive",
        "resolved": "3.2.2",
        "contentHash": "/hkHkQCzGrugelOAehprm7RIWdsUFVmIVaD6jDH/8DNGCymTlKKPTbGokD5czbAfqfex47mBP0sb0zbHYwrO/g==",
        "dependencies": {
          "Microsoft.Win32.Registry": "[5.0.0]",
          "xunit.v3.common": "[3.2.2]"
        }
      },
      "xunit.v3.runner.inproc.console": {
        "type": "Transitive",
        "resolved": "3.2.2",
        "contentHash": "ulWOdSvCk+bPXijJZ73bth9NyoOHsAs1ZOvamYbCkD4DNLX/Bd29Ve2ZNUwBbK0MqfIYWXHZViy/HKrdEC/izw==",
        "dependencies": {
          "xunit.v3.extensibility.core": "[3.2.2]",
          "xunit.v3.runner.common": "[3.2.2]"
        }
      },
      "ZXing.Net": {
        "type": "Transitive",
        "resolved": "0.16.11",
        "contentHash": "OZfAVu88hl87BffQ+rlWCj/vLvAhhCK4QnFaoveeF/MY8SjHNSYBQ3qyUEWlPKNgBQGh1syXhCDg10vUnCsqkg=="
      },
      "cs3.scanbridge": {
        "type": "Project",
        "dependencies": {
          "NAPS2.Images.Gdi": "[1.3.0, )",
          "NAPS2.Sdk": "[1.3.0, )",
          "NAPS2.Sdk.Worker.Win32": "[1.3.0, )",
          "PDFsharp": "[6.2.2, )",
          "Serilog.AspNetCore": "[10.0.0, )",
          "Serilog.Sinks.File": "[7.0.0, )"
        }
      }
    }
  }
}